{
  "version": 4,
  "terraform_version": "1.2.8",
  "serial": 5,
  "lineage": "1120dc78-3ce3-20ae-0f67-b13107a210ba",
  "outputs": {
    "external_ip_address_node01_yandex_cloud": {
      "value": "51.250.65.22",
      "type": "string"
    },
    "internal_ip_address_node01_yandex_cloud": {
      "value": "192.168.101.13",
      "type": "string"
    }
  },
  "resources": [
    {
      "mode": "managed",
      "type": "yandex_compute_instance",
      "name": "node01",
      "provider": "provider[\"registry.terraform.io/yandex-cloud/yandex\"]",
      "instances": [
        {
          "schema_version": 1,
          "attributes": {
            "allow_recreate": null,
            "allow_stopping_for_update": true,
            "boot_disk": [
              {
                "auto_delete": true,
                "device_name": "fhmu2an4hk8bcc4as80q",
                "disk_id": "fhmu2an4hk8bcc4as80q",
                "initialize_params": [
                  {
                    "block_size": 4096,
                    "description": "",
                    "image_id": "fd8ud1ik7uoo70q6m19r",
                    "name": "root-node01",
                    "size": 50,
                    "snapshot_id": "",
                    "type": "network-ssd"
                  }
                ],
                "mode": "READ_WRITE"
              }
            ],
            "created_at": "2022-09-01T00:02:18Z",
            "description": "",
            "folder_id": "b1gji6q1huce1gbs41u0",
            "fqdn": "node01.netology.cloud",
            "hostname": "node01.netology.cloud",
            "id": "fhmkljv022q53sk4kuo5",
            "labels": null,
            "local_disk": [],
            "metadata": {
              "ssh-keys": "centos:ssh-rsa AAAAB3NzaC1yc2EAAAADAQABAAABgQDWPKreB0+fV9PzlQw/tFfh4wo1oAIHGFHW31AdWyO2ObGXaYxx2iPWBBa/dQepCBE5WaPeGCCdpmVs4yLpo17EGBhZlAvJnG28llDyS7sJoJt2b8e/owCkDin8CCupxySVDOlgQHb1Z2LYTp1r4tt5it68F88KWbhfw01Lb+CkIrGpg24shfUYT3JFSx8tnf2cmPIyYs55KkI6ynsHZaf2Fx3K6cLrcZquIzz9K/9MshwLrBBLy270zzmOzfRNgk+sC5qZlwdLkE4216EEDF0y35/XJ9KN8niX4ZCogz6T79NZhN/4HB1saEYG1725NWqDMCskrsLCe3G5SoaKV3lWbIGbEMRg1a8A/in2g9E3HkDxSIgT6tyUvjRumS0Zm/7L49FeThRxmtZm1uanhMBYh8trVwgW/KxkGjeKEyH4YCNMmCrw1FmiLUz5iXugEZUSPUNpTOiQ8IhHfo7uhdlg6BzSt9ct58HXHloKra5+6WufPhreSiXR5dzrxitw2lU= dmitrygalyshev@Air-Anastasia.cn.ru_novotelecom.ru\n"
            },
            "name": "node01",
            "network_acceleration_type": "standard",
            "network_interface": [
              {
                "dns_record": [],
                "index": 0,
                "ip_address": "192.168.101.13",
                "ipv4": true,
                "ipv6": false,
                "ipv6_address": "",
                "ipv6_dns_record": [],
                "mac_address": "d0:0d:14:ac:fe:01",
                "nat": true,
                "nat_dns_record": [],
                "nat_ip_address": "51.250.65.22",
                "nat_ip_version": "IPV4",
                "security_group_ids": [],
                "subnet_id": "e9b2v6kjsh4tlrfomghb"
              }
            ],
            "placement_policy": [
              {
                "host_affinity_rules": [],
                "placement_group_id": ""
              }
            ],
            "platform_id": "standard-v1",
            "resources": [
              {
                "core_fraction": 100,
                "cores": 8,
                "gpus": 0,
                "memory": 8
              }
            ],
            "scheduling_policy": [
              {
                "preemptible": false
              }
            ],
            "secondary_disk": [],
            "service_account_id": "",
            "status": "running",
            "timeouts": null,
            "zone": "ru-central1-a"
          },
          "sensitive_attributes": [],
          "private": "eyJlMmJmYjczMC1lY2FhLTExZTYtOGY4OC0zNDM2M2JjN2M0YzAiOnsiY3JlYXRlIjozMDAwMDAwMDAwMDAsImRlbGV0ZSI6MzAwMDAwMDAwMDAwLCJ1cGRhdGUiOjMwMDAwMDAwMDAwMH0sInNjaGVtYV92ZXJzaW9uIjoiMSJ9",
          "dependencies": [
            "yandex_vpc_network.default",
            "yandex_vpc_subnet.default"
          ]
        }
      ]
    },
    {
      "mode": "managed",
      "type": "yandex_vpc_network",
      "name": "default",
      "provider": "provider[\"registry.terraform.io/yandex-cloud/yandex\"]",
      "instances": [
        {
          "schema_version": 0,
          "attributes": {
            "created_at": "2022-09-01T00:02:15Z",
            "default_security_group_id": "",
            "description": "",
            "folder_id": "b1gji6q1huce1gbs41u0",
            "id": "enp6ql23bo70g17nfnki",
            "labels": {},
            "name": "net",
            "subnet_ids": [],
            "timeouts": null
          },
          "sensitive_attributes": [],
          "private": "eyJlMmJmYjczMC1lY2FhLTExZTYtOGY4OC0zNDM2M2JjN2M0YzAiOnsiY3JlYXRlIjo2MDAwMDAwMDAwMCwiZGVsZXRlIjo2MDAwMDAwMDAwMCwidXBkYXRlIjo2MDAwMDAwMDAwMH19"
        }
      ]
    },
    {
      "mode": "managed",
      "type": "yandex_vpc_subnet",
      "name": "default",
      "provider": "provider[\"registry.terraform.io/yandex-cloud/yandex\"]",
      "instances": [
        {
          "schema_version": 0,
          "attributes": {
            "created_at": "2022-09-01T00:02:16Z",
            "description": "",
            "dhcp_options": [],
            "folder_id": "b1gji6q1huce1gbs41u0",
            "id": "e9b2v6kjsh4tlrfomghb",
            "labels": {},
            "name": "subnet",
            "network_id": "enp6ql23bo70g17nfnki",
            "route_table_id": "",
            "timeouts": null,
            "v4_cidr_blocks": [
              "192.168.101.0/24"
            ],
            "v6_cidr_blocks": [],
            "zone": "ru-central1-a"
          },
          "sensitive_attributes": [],
          "private": "eyJlMmJmYjczMC1lY2FhLTExZTYtOGY4OC0zNDM2M2JjN2M0YzAiOnsiY3JlYXRlIjoxODAwMDAwMDAwMDAsImRlbGV0ZSI6MTgwMDAwMDAwMDAwLCJ1cGRhdGUiOjE4MDAwMDAwMDAwMH19",
          "dependencies": [
            "yandex_vpc_network.default"
          ]
        }
      ]
    }
  ]
}
